{
  "object": {
    "pins": [
      {
        "package": "ArrayBuilder",
        "repositoryURL": "https://github.com/juliand665/ArrayBuilder",
        "state": {
          "branch": null,
          "revision": "1d7b2707ba07789b1ebe2589a40407849c43420c",
          "version": "1.0.0"
        }
      },
      {
        "package": "CombineExpectations",
        "repositoryURL": "https://github.com/groue/CombineExpectations",
        "state": {
          "branch": null,
          "revision": "5c36f3199960776fc055196a93ca04bfc00e1857",
          "version": "0.7.0"
        }
      },
      {
        "package": "HandyOperators",
        "repositoryURL": "git@github.com:juliand665/HandyOperators.git",
        "state": {
          "branch": null,
          "revision": "27f60a00d9ad310afdf66cc7a25adc4bdb387d58",
          "version": "2.0.1"
        }
      },
      {
        "package": "KeychainSwift",
        "repositoryURL": "https://github.com/evgenyneu/keychain-swift.git",
        "state": {
          "branch": null,
          "revision": "96fb84f45a96630e7583903bd7e08cf095c7a7ef",
          "version": "19.0.0"
        }
      },
      {
        "package": "SwiftUIMissingPieces",
        "repositoryURL": "git@github.com:juliand665/SwifUI-Missing-Pieces.git",
        "state": {
          "branch": "main",
          "revision": "536fc4c47a3df531619d24010eec67bf6bb19869",
          "version": null
        }
      },
      {
        "package": "UserDefault",
        "repositoryURL": "git@github.com:juliand665/UserDefault.git",
        "state": {
          "branch": null,
          "revision": "01f3380fb7ba86b4ac0c81d96c8992bed9f2b8f5",
          "version": "1.0.2"
        }
      },
      {
        "package": "VisualEffects",
        "repositoryURL": "https://github.com/twostraws/VisualEffects",
        "state": {
          "branch": null,
          "revision": "8ff7f90f9650d9db5774275d0b1f07ef642ecf4d",
          "version": "1.0.3"
        }
      }
    ]
  },
  "version": 1
}
