{
  "object": {
    "pins": [
      {
        "package": "ArrayBuilder",
        "repositoryURL": "https://github.com/juliand665/ArrayBuilder",
        "state": {
          "branch": "main",
          "revision": "e92dd75e19f402ddcd4c4fd027795d98bc2898d8",
          "version": null
        }
      },
      {
        "package": "HandyOperators",
        "repositoryURL": "git@github.com:juliand665/HandyOperators.git",
        "state": {
          "branch": "master",
          "revision": "483aa96950ad3078d092b2ba8d9dda6ea6576244",
          "version": null
        }
      },
      {
        "package": "KeychainSwift",
        "repositoryURL": "https://github.com/evgenyneu/keychain-swift.git",
        "state": {
          "branch": null,
          "revision": "96fb84f45a96630e7583903bd7e08cf095c7a7ef",
          "version": "19.0.0"
        }
      },
      {
        "package": "SwiftUIMissingPieces",
        "repositoryURL": "git@github.com:juliand665/SwifUI-Missing-Pieces.git",
        "state": {
          "branch": "main",
          "revision": "536fc4c47a3df531619d24010eec67bf6bb19869",
          "version": null
        }
      },
      {
        "package": "UserDefault",
        "repositoryURL": "git@github.com:juliand665/UserDefault.git",
        "state": {
          "branch": "master",
          "revision": "a2549096615e808d2d4f4aa4a6fbacd6722e596d",
          "version": null
        }
      },
      {
        "package": "VisualEffects",
        "repositoryURL": "https://github.com/twostraws/VisualEffects",
        "state": {
          "branch": null,
          "revision": "8ff7f90f9650d9db5774275d0b1f07ef642ecf4d",
          "version": "1.0.3"
        }
      }
    ]
  },
  "version": 1
}
