// !$*UTF8*$!
{
	archiveVersion = 1;
	classes = {
	};
	objectVersion = 52;
	objects = {

/* Begin PBXBuildFile section */
		B90BC2EE266D224F00C905D4 /* CGeometry in Frameworks */ = {isa = PBXBuildFile; productRef = B90BC2ED266D224F00C905D4 /* CGeometry */; };
		B90BC2F1266D240000C905D4 /* HandyOperators in Frameworks */ = {isa = PBXBuildFile; productRef = B90BC2F0266D240000C905D4 /* HandyOperators */; };
		B9131D61266A707600E85F46 /* ValorantLoadManager.swift in Sources */ = {isa = PBXBuildFile; fileRef = B9131D60266A707600E85F46 /* ValorantLoadManager.swift */; };
		B9131D62266A707600E85F46 /* ValorantLoadManager.swift in Sources */ = {isa = PBXBuildFile; fileRef = B9131D60266A707600E85F46 /* ValorantLoadManager.swift */; };
		B9131D65266AF6C600E85F46 /* ReferenceView.swift in Sources */ = {isa = PBXBuildFile; fileRef = B9131D64266AF6C600E85F46 /* ReferenceView.swift */; };
		B9131D66266AF6C600E85F46 /* ReferenceView.swift in Sources */ = {isa = PBXBuildFile; fileRef = B9131D64266AF6C600E85F46 /* ReferenceView.swift */; };
		B9131D69266AFA4C00E85F46 /* MapListView.swift in Sources */ = {isa = PBXBuildFile; fileRef = B9131D68266AFA4C00E85F46 /* MapListView.swift */; };
		B9131D6A266AFA4C00E85F46 /* MapListView.swift in Sources */ = {isa = PBXBuildFile; fileRef = B9131D68266AFA4C00E85F46 /* MapListView.swift */; };
		B9131D6C266AFA7900E85F46 /* MapInfoView.swift in Sources */ = {isa = PBXBuildFile; fileRef = B9131D6B266AFA7900E85F46 /* MapInfoView.swift */; };
		B9131D6D266AFA7900E85F46 /* MapInfoView.swift in Sources */ = {isa = PBXBuildFile; fileRef = B9131D6B266AFA7900E85F46 /* MapInfoView.swift */; };
		B927614B266284B700CF2100 /* PlayerHighlightInfo.swift in Sources */ = {isa = PBXBuildFile; fileRef = B927614A266284B700CF2100 /* PlayerHighlightInfo.swift */; };
		B927614C266284B700CF2100 /* PlayerHighlightInfo.swift in Sources */ = {isa = PBXBuildFile; fileRef = B927614A266284B700CF2100 /* PlayerHighlightInfo.swift */; };
		B94091AE25D09D5A00EE5DF2 /* LoadManager.swift in Sources */ = {isa = PBXBuildFile; fileRef = B94091AD25D09D5A00EE5DF2 /* LoadManager.swift */; };
		B94091AF25D09D5A00EE5DF2 /* LoadManager.swift in Sources */ = {isa = PBXBuildFile; fileRef = B94091AD25D09D5A00EE5DF2 /* LoadManager.swift */; };
		B94091B325D09DF900EE5DF2 /* SwiftUI+CrossPlatform.swift in Sources */ = {isa = PBXBuildFile; fileRef = B94091B225D09DF900EE5DF2 /* SwiftUI+CrossPlatform.swift */; };
		B94091B425D09DF900EE5DF2 /* SwiftUI+CrossPlatform.swift in Sources */ = {isa = PBXBuildFile; fileRef = B94091B225D09DF900EE5DF2 /* SwiftUI+CrossPlatform.swift */; };
		B94091B825D09F0200EE5DF2 /* MatchListView.swift in Sources */ = {isa = PBXBuildFile; fileRef = B94091B725D09F0200EE5DF2 /* MatchListView.swift */; };
		B94091B925D09F0200EE5DF2 /* MatchListView.swift in Sources */ = {isa = PBXBuildFile; fileRef = B94091B725D09F0200EE5DF2 /* MatchListView.swift */; };
		B941B65625A5BC8A00F675C1 /* ValorantViewerApp.swift in Sources */ = {isa = PBXBuildFile; fileRef = B941B64325A5BC8800F675C1 /* ValorantViewerApp.swift */; };
		B941B65725A5BC8A00F675C1 /* ValorantViewerApp.swift in Sources */ = {isa = PBXBuildFile; fileRef = B941B64325A5BC8800F675C1 /* ValorantViewerApp.swift */; };
		B941B65825A5BC8A00F675C1 /* ContentView.swift in Sources */ = {isa = PBXBuildFile; fileRef = B941B64425A5BC8800F675C1 /* ContentView.swift */; };
		B941B65925A5BC8A00F675C1 /* ContentView.swift in Sources */ = {isa = PBXBuildFile; fileRef = B941B64425A5BC8800F675C1 /* ContentView.swift */; };
		B941B65A25A5BC8A00F675C1 /* Assets.xcassets in Resources */ = {isa = PBXBuildFile; fileRef = B941B64525A5BC8A00F675C1 /* Assets.xcassets */; };
		B941B65B25A5BC8A00F675C1 /* Assets.xcassets in Resources */ = {isa = PBXBuildFile; fileRef = B941B64525A5BC8A00F675C1 /* Assets.xcassets */; };
		B941B69B25A62FFB00F675C1 /* UserDefault in Frameworks */ = {isa = PBXBuildFile; productRef = B941B69A25A62FFB00F675C1 /* UserDefault */; };
		B941B69F25A6300100F675C1 /* UserDefault in Frameworks */ = {isa = PBXBuildFile; productRef = B941B69E25A6300100F675C1 /* UserDefault */; };
		B941B6D025A79A6400F675C1 /* KeychainSwift in Frameworks */ = {isa = PBXBuildFile; productRef = B941B6CF25A79A6400F675C1 /* KeychainSwift */; };
		B941B6D425A79A6A00F675C1 /* KeychainSwift in Frameworks */ = {isa = PBXBuildFile; productRef = B941B6D325A79A6A00F675C1 /* KeychainSwift */; };
		B941B6D825A7A09000F675C1 /* Credentials.swift in Sources */ = {isa = PBXBuildFile; fileRef = B941B6D725A7A09000F675C1 /* Credentials.swift */; };
		B941B6D925A7A09000F675C1 /* Credentials.swift in Sources */ = {isa = PBXBuildFile; fileRef = B941B6D725A7A09000F675C1 /* Credentials.swift */; };
		B941B6DE25A7BC3800F675C1 /* View+Styling.swift in Sources */ = {isa = PBXBuildFile; fileRef = B941B6DD25A7BC3800F675C1 /* View+Styling.swift */; };
		B941B6DF25A7BC3800F675C1 /* View+Styling.swift in Sources */ = {isa = PBXBuildFile; fileRef = B941B6DD25A7BC3800F675C1 /* View+Styling.swift */; };
		B941B6E525A7C48300F675C1 /* LoginForm.swift in Sources */ = {isa = PBXBuildFile; fileRef = B941B6E425A7C48300F675C1 /* LoginForm.swift */; };
		B941B6E625A7C48300F675C1 /* LoginForm.swift in Sources */ = {isa = PBXBuildFile; fileRef = B941B6E425A7C48300F675C1 /* LoginForm.swift */; };
		B941B6EC25A7C83700F675C1 /* example_updates.json in Resources */ = {isa = PBXBuildFile; fileRef = B941B6EB25A7C83700F675C1 /* example_updates.json */; };
		B941B6ED25A7C83700F675C1 /* example_updates.json in Resources */ = {isa = PBXBuildFile; fileRef = B941B6EB25A7C83700F675C1 /* example_updates.json */; };
		B9485F84264B1DD300AC3456 /* AgentAssets.swift in Sources */ = {isa = PBXBuildFile; fileRef = B9485F83264B1DD300AC3456 /* AgentAssets.swift */; };
		B9485F85264B1DD300AC3456 /* AgentAssets.swift in Sources */ = {isa = PBXBuildFile; fileRef = B9485F83264B1DD300AC3456 /* AgentAssets.swift */; };
		B9485F87264B5BD700AC3456 /* AssetImage.swift in Sources */ = {isa = PBXBuildFile; fileRef = B9485F86264B5BD700AC3456 /* AssetImage.swift */; };
		B9485F88264B5BD700AC3456 /* AssetImage.swift in Sources */ = {isa = PBXBuildFile; fileRef = B9485F86264B5BD700AC3456 /* AssetImage.swift */; };
		B9485F90264B639F00AC3456 /* Tests.swift in Sources */ = {isa = PBXBuildFile; fileRef = B9485F8F264B639F00AC3456 /* Tests.swift */; };
		B9485F99264B67EC00AC3456 /* CombineExpectations in Frameworks */ = {isa = PBXBuildFile; productRef = B9485F98264B67EC00AC3456 /* CombineExpectations */; };
		B96845B32665C7B900DC59D2 /* ClientData.swift in Sources */ = {isa = PBXBuildFile; fileRef = B96845B22665C7B900DC59D2 /* ClientData.swift */; };
		B96845B42665C7B900DC59D2 /* ClientData.swift in Sources */ = {isa = PBXBuildFile; fileRef = B96845B22665C7B900DC59D2 /* ClientData.swift */; };
		B96A0CA0265A8B4600844674 /* strange_match.json in Resources */ = {isa = PBXBuildFile; fileRef = B96A0C9F265A8B4600844674 /* strange_match.json */; };
		B96A0CA1265A8B4600844674 /* strange_match.json in Resources */ = {isa = PBXBuildFile; fileRef = B96A0C9F265A8B4600844674 /* strange_match.json */; };
		B96A0CA3265ABBC700844674 /* SwiftUI+Helpers.swift in Sources */ = {isa = PBXBuildFile; fileRef = B96A0CA2265ABBC700844674 /* SwiftUI+Helpers.swift */; };
		B96A0CA4265ABBC700844674 /* SwiftUI+Helpers.swift in Sources */ = {isa = PBXBuildFile; fileRef = B96A0CA2265ABBC700844674 /* SwiftUI+Helpers.swift */; };
		B96A0CAA265AE32200844674 /* MissionAssets.swift in Sources */ = {isa = PBXBuildFile; fileRef = B96A0CA9265AE32200844674 /* MissionAssets.swift */; };
		B96A0CAB265AE32200844674 /* MissionAssets.swift in Sources */ = {isa = PBXBuildFile; fileRef = B96A0CA9265AE32200844674 /* MissionAssets.swift */; };
		B96A0CAD265B0FB500844674 /* ObjectiveAssets.swift in Sources */ = {isa = PBXBuildFile; fileRef = B96A0CAC265B0FB500844674 /* ObjectiveAssets.swift */; };
		B96A0CAE265B0FB500844674 /* ObjectiveAssets.swift in Sources */ = {isa = PBXBuildFile; fileRef = B96A0CAC265B0FB500844674 /* ObjectiveAssets.swift */; };
		B9741478266F18A800892B5F /* String+Localization.swift in Sources */ = {isa = PBXBuildFile; fileRef = B9741477266F18A800892B5F /* String+Localization.swift */; };
		B9741479266F18A800892B5F /* String+Localization.swift in Sources */ = {isa = PBXBuildFile; fileRef = B9741477266F18A800892B5F /* String+Localization.swift */; };
		B9C97DC7263CADFC001E4D1B /* ValorantAPI+Mock.swift in Sources */ = {isa = PBXBuildFile; fileRef = B9C97DC6263CADFC001E4D1B /* ValorantAPI+Mock.swift */; };
		B9C97DC8263CADFC001E4D1B /* ValorantAPI+Mock.swift in Sources */ = {isa = PBXBuildFile; fileRef = B9C97DC6263CADFC001E4D1B /* ValorantAPI+Mock.swift */; };
		B9C97DCC263CB0D6001E4D1B /* ValorantAPI in Frameworks */ = {isa = PBXBuildFile; productRef = B9C97DCB263CB0D6001E4D1B /* ValorantAPI */; };
		B9C97DCE263CB0F8001E4D1B /* ValorantAPI in Frameworks */ = {isa = PBXBuildFile; productRef = B9C97DCD263CB0F8001E4D1B /* ValorantAPI */; };
		B9C97DD1263CB744001E4D1B /* MatchList.swift in Sources */ = {isa = PBXBuildFile; fileRef = B9C97DD0263CB744001E4D1B /* MatchList.swift */; };
		B9C97DD2263CB744001E4D1B /* MatchList.swift in Sources */ = {isa = PBXBuildFile; fileRef = B9C97DD0263CB744001E4D1B /* MatchList.swift */; };
		B9CF2E6225A81B48004A1458 /* UnifiedStyles.swift in Sources */ = {isa = PBXBuildFile; fileRef = B9CF2E6125A81B48004A1458 /* UnifiedStyles.swift */; };
		B9CF2E6325A81B48004A1458 /* UnifiedStyles.swift in Sources */ = {isa = PBXBuildFile; fileRef = B9CF2E6125A81B48004A1458 /* UnifiedStyles.swift */; };
		B9CF2E6C25A81F57004A1458 /* SwiftUIMissingPieces in Frameworks */ = {isa = PBXBuildFile; productRef = B9CF2E6B25A81F57004A1458 /* SwiftUIMissingPieces */; };
		B9CF2E7025A81F5D004A1458 /* SwiftUIMissingPieces in Frameworks */ = {isa = PBXBuildFile; productRef = B9CF2E6F25A81F5D004A1458 /* SwiftUIMissingPieces */; };
		B9CF2E7425A8217C004A1458 /* Combine+Ergonomics.swift in Sources */ = {isa = PBXBuildFile; fileRef = B9CF2E7325A8217C004A1458 /* Combine+Ergonomics.swift */; };
		B9CF2E7525A8217C004A1458 /* Combine+Ergonomics.swift in Sources */ = {isa = PBXBuildFile; fileRef = B9CF2E7325A8217C004A1458 /* Combine+Ergonomics.swift */; };
		B9CF2E7925A89976004A1458 /* MatchCell.swift in Sources */ = {isa = PBXBuildFile; fileRef = B9CF2E7825A89976004A1458 /* MatchCell.swift */; };
		B9CF2E7A25A89976004A1458 /* MatchCell.swift in Sources */ = {isa = PBXBuildFile; fileRef = B9CF2E7825A89976004A1458 /* MatchCell.swift */; };
		B9D9E593266D358300827470 /* Lightbox.swift in Sources */ = {isa = PBXBuildFile; fileRef = B9D9E592266D358300827470 /* Lightbox.swift */; };
		B9D9E594266D358300827470 /* Lightbox.swift in Sources */ = {isa = PBXBuildFile; fileRef = B9D9E592266D358300827470 /* Lightbox.swift */; };
		B9DCF9A72642E0EC00C39EC4 /* ScoreboardView.swift in Sources */ = {isa = PBXBuildFile; fileRef = B9DCF9A62642E0EC00C39EC4 /* ScoreboardView.swift */; };
		B9DCF9A82642E0EC00C39EC4 /* ScoreboardView.swift in Sources */ = {isa = PBXBuildFile; fileRef = B9DCF9A62642E0EC00C39EC4 /* ScoreboardView.swift */; };
		B9DCF9AB2642F7A100C39EC4 /* Preview Assets.xcassets in Resources */ = {isa = PBXBuildFile; fileRef = B9DCF9AA2642F7A100C39EC4 /* Preview Assets.xcassets */; };
		B9DCF9AC2642F7A100C39EC4 /* Preview Assets.xcassets in Resources */ = {isa = PBXBuildFile; fileRef = B9DCF9AA2642F7A100C39EC4 /* Preview Assets.xcassets */; };
		B9DCF9AE2642F8FD00C39EC4 /* AssetManager.swift in Sources */ = {isa = PBXBuildFile; fileRef = B9DCF9AD2642F8FD00C39EC4 /* AssetManager.swift */; };
		B9DCF9AF2642F8FD00C39EC4 /* AssetManager.swift in Sources */ = {isa = PBXBuildFile; fileRef = B9DCF9AD2642F8FD00C39EC4 /* AssetManager.swift */; };
		B9E12B0C25BBD57D008E1E77 /* Optional+Functional.swift in Sources */ = {isa = PBXBuildFile; fileRef = B9E12B0B25BBD57D008E1E77 /* Optional+Functional.swift */; };
		B9E12B0D25BBD57D008E1E77 /* Optional+Functional.swift in Sources */ = {isa = PBXBuildFile; fileRef = B9E12B0B25BBD57D008E1E77 /* Optional+Functional.swift */; };
		B9E43DA2265DB94C00F59E35 /* MatchViewData.swift in Sources */ = {isa = PBXBuildFile; fileRef = B9E43DA1265DB94C00F59E35 /* MatchViewData.swift */; };
		B9E43DA3265DB94C00F59E35 /* MatchViewData.swift in Sources */ = {isa = PBXBuildFile; fileRef = B9E43DA1265DB94C00F59E35 /* MatchViewData.swift */; };
		B9EE6E5B26589DE1007E28B5 /* MatchDetailsHero.swift in Sources */ = {isa = PBXBuildFile; fileRef = B9EE6E5A26589DE1007E28B5 /* MatchDetailsHero.swift */; };
		B9EE6E5C26589DE1007E28B5 /* MatchDetailsHero.swift in Sources */ = {isa = PBXBuildFile; fileRef = B9EE6E5A26589DE1007E28B5 /* MatchDetailsHero.swift */; };
		B9EE6E5F26589EB8007E28B5 /* MatchDetailsContainer.swift in Sources */ = {isa = PBXBuildFile; fileRef = B9EE6E5E26589EB8007E28B5 /* MatchDetailsContainer.swift */; };
		B9EE6E6026589EB8007E28B5 /* MatchDetailsContainer.swift in Sources */ = {isa = PBXBuildFile; fileRef = B9EE6E5E26589EB8007E28B5 /* MatchDetailsContainer.swift */; };
		B9EE6E6226589FAA007E28B5 /* PreviewData.swift in Sources */ = {isa = PBXBuildFile; fileRef = B9EE6E6126589FAA007E28B5 /* PreviewData.swift */; };
		B9EE6E6326589FAA007E28B5 /* PreviewData.swift in Sources */ = {isa = PBXBuildFile; fileRef = B9EE6E6126589FAA007E28B5 /* PreviewData.swift */; };
		B9EE6E652658A363007E28B5 /* SwiftUI+Previews.swift in Sources */ = {isa = PBXBuildFile; fileRef = B9EE6E642658A363007E28B5 /* SwiftUI+Previews.swift */; };
		B9EE6E662658A363007E28B5 /* SwiftUI+Previews.swift in Sources */ = {isa = PBXBuildFile; fileRef = B9EE6E642658A363007E28B5 /* SwiftUI+Previews.swift */; };
		B9EE6E682658A6D2007E28B5 /* AssetLoading.swift in Sources */ = {isa = PBXBuildFile; fileRef = B9EE6E672658A6D2007E28B5 /* AssetLoading.swift */; };
		B9EE6E692658A6D2007E28B5 /* AssetLoading.swift in Sources */ = {isa = PBXBuildFile; fileRef = B9EE6E672658A6D2007E28B5 /* AssetLoading.swift */; };
		B9EE6E6E26594374007E28B5 /* KillBreakdownView.swift in Sources */ = {isa = PBXBuildFile; fileRef = B9EE6E6D26594374007E28B5 /* KillBreakdownView.swift */; };
		B9EE6E6F26594374007E28B5 /* KillBreakdownView.swift in Sources */ = {isa = PBXBuildFile; fileRef = B9EE6E6D26594374007E28B5 /* KillBreakdownView.swift */; };
		B9EE6E712659D30A007E28B5 /* Swift+Helpers.swift in Sources */ = {isa = PBXBuildFile; fileRef = B9EE6E702659D30A007E28B5 /* Swift+Helpers.swift */; };
		B9EE6E722659D30A007E28B5 /* Swift+Helpers.swift in Sources */ = {isa = PBXBuildFile; fileRef = B9EE6E702659D30A007E28B5 /* Swift+Helpers.swift */; };
		B9EE6E752659D6DF007E28B5 /* Algorithms in Frameworks */ = {isa = PBXBuildFile; productRef = B9EE6E742659D6DF007E28B5 /* Algorithms */; };
		B9EE6E772659D6ED007E28B5 /* Algorithms in Frameworks */ = {isa = PBXBuildFile; productRef = B9EE6E762659D6ED007E28B5 /* Algorithms */; };
		B9EF0F21263CFC870067176A /* MatchDetailsView.swift in Sources */ = {isa = PBXBuildFile; fileRef = B9EF0F20263CFC870067176A /* MatchDetailsView.swift */; };
		B9EF0F22263CFC870067176A /* MatchDetailsView.swift in Sources */ = {isa = PBXBuildFile; fileRef = B9EF0F20263CFC870067176A /* MatchDetailsView.swift */; };
		B9EF0F24263D091F0067176A /* example_match.json in Resources */ = {isa = PBXBuildFile; fileRef = B9EF0F23263D09120067176A /* example_match.json */; };
		B9EF0F25263D09AD0067176A /* example_match.json in Resources */ = {isa = PBXBuildFile; fileRef = B9EF0F23263D09120067176A /* example_match.json */; };
		B9EF0F27263D9D860067176A /* ValorantAPI+SwiftUI.swift in Sources */ = {isa = PBXBuildFile; fileRef = B9EF0F26263D9D860067176A /* ValorantAPI+SwiftUI.swift */; };
		B9EF0F28263D9D860067176A /* ValorantAPI+SwiftUI.swift in Sources */ = {isa = PBXBuildFile; fileRef = B9EF0F26263D9D860067176A /* ValorantAPI+SwiftUI.swift */; };
		B9EF0F2B263DEEA30067176A /* VisualEffects in Frameworks */ = {isa = PBXBuildFile; productRef = B9EF0F2A263DEEA30067176A /* VisualEffects */; };
		B9EF0F2D263DEEAA0067176A /* VisualEffects in Frameworks */ = {isa = PBXBuildFile; productRef = B9EF0F2C263DEEAA0067176A /* VisualEffects */; };
		B9F07CB426474E8A006CD4F5 /* AssetClient.swift in Sources */ = {isa = PBXBuildFile; fileRef = B9F07CB326474E8A006CD4F5 /* AssetClient.swift */; };
		B9F07CB526474E8A006CD4F5 /* AssetClient.swift in Sources */ = {isa = PBXBuildFile; fileRef = B9F07CB326474E8A006CD4F5 /* AssetClient.swift */; };
		B9F07CB726474EB7006CD4F5 /* AssetVersion.swift in Sources */ = {isa = PBXBuildFile; fileRef = B9F07CB626474EB7006CD4F5 /* AssetVersion.swift */; };
		B9F07CB826474EB7006CD4F5 /* AssetVersion.swift in Sources */ = {isa = PBXBuildFile; fileRef = B9F07CB626474EB7006CD4F5 /* AssetVersion.swift */; };
		B9F07CBA26474F4E006CD4F5 /* MapAssets.swift in Sources */ = {isa = PBXBuildFile; fileRef = B9F07CB926474F4E006CD4F5 /* MapAssets.swift */; };
		B9F07CBB26474F4E006CD4F5 /* MapAssets.swift in Sources */ = {isa = PBXBuildFile; fileRef = B9F07CB926474F4E006CD4F5 /* MapAssets.swift */; };
		B9F5232F266ED96600DFF8DD /* LiveView.swift in Sources */ = {isa = PBXBuildFile; fileRef = B9F5232E266ED96600DFF8DD /* LiveView.swift */; };
		B9F52330266ED96600DFF8DD /* LiveView.swift in Sources */ = {isa = PBXBuildFile; fileRef = B9F5232E266ED96600DFF8DD /* LiveView.swift */; };
		B9F52332266EE57900DFF8DD /* example_contracts.json in Resources */ = {isa = PBXBuildFile; fileRef = B9F52331266EE57900DFF8DD /* example_contracts.json */; };
		B9F52333266EE57900DFF8DD /* example_contracts.json in Resources */ = {isa = PBXBuildFile; fileRef = B9F52331266EE57900DFF8DD /* example_contracts.json */; };
		B9F65C472651D20200C9C34A /* MapImage.swift in Sources */ = {isa = PBXBuildFile; fileRef = B9F65C462651D20200C9C34A /* MapImage.swift */; };
		B9F65C482651D20200C9C34A /* MapImage.swift in Sources */ = {isa = PBXBuildFile; fileRef = B9F65C462651D20200C9C34A /* MapImage.swift */; };
		B9F65C4B2651DFB100C9C34A /* AgentImage.swift in Sources */ = {isa = PBXBuildFile; fileRef = B9F65C4A2651DFB100C9C34A /* AgentImage.swift */; };
		B9F65C4C2651DFB100C9C34A /* AgentImage.swift in Sources */ = {isa = PBXBuildFile; fileRef = B9F65C4A2651DFB100C9C34A /* AgentImage.swift */; };
		B9F65C4E2651EDA500C9C34A /* DynamicallyStroked.swift in Sources */ = {isa = PBXBuildFile; fileRef = B9F65C4D2651EDA500C9C34A /* DynamicallyStroked.swift */; };
		B9F65C4F2651EDA500C9C34A /* DynamicallyStroked.swift in Sources */ = {isa = PBXBuildFile; fileRef = B9F65C4D2651EDA500C9C34A /* DynamicallyStroked.swift */; };
		B9F66ACE266DC31E008560FD /* AccountView.swift in Sources */ = {isa = PBXBuildFile; fileRef = B9F66ACD266DC31E008560FD /* AccountView.swift */; };
		B9F66ACF266DC31E008560FD /* AccountView.swift in Sources */ = {isa = PBXBuildFile; fileRef = B9F66ACD266DC31E008560FD /* AccountView.swift */; };
/* End PBXBuildFile section */

/* Begin PBXContainerItemProxy section */
		B9485F92264B639F00AC3456 /* PBXContainerItemProxy */ = {
			isa = PBXContainerItemProxy;
			containerPortal = B941B63E25A5BC8800F675C1 /* Project object */;
			proxyType = 1;
			remoteGlobalIDString = B941B65125A5BC8A00F675C1;
			remoteInfo = "Valorant Viewer (macOS)";
		};
/* End PBXContainerItemProxy section */

/* Begin PBXFileReference section */
		B9131D60266A707600E85F46 /* ValorantLoadManager.swift */ = {isa = PBXFileReference; lastKnownFileType = sourcecode.swift; path = ValorantLoadManager.swift; sourceTree = "<group>"; };
		B9131D64266AF6C600E85F46 /* ReferenceView.swift */ = {isa = PBXFileReference; lastKnownFileType = sourcecode.swift; path = ReferenceView.swift; sourceTree = "<group>"; };
		B9131D68266AFA4C00E85F46 /* MapListView.swift */ = {isa = PBXFileReference; lastKnownFileType = sourcecode.swift; path = MapListView.swift; sourceTree = "<group>"; };
		B9131D6B266AFA7900E85F46 /* MapInfoView.swift */ = {isa = PBXFileReference; lastKnownFileType = sourcecode.swift; path = MapInfoView.swift; sourceTree = "<group>"; };
		B91B2B94264384FD00074F7D /* Protoquest */ = {isa = PBXFileReference; lastKnownFileType = folder; name = Protoquest; path = "../ Packages/Protoquest"; sourceTree = "<group>"; };
		B927614A266284B700CF2100 /* PlayerHighlightInfo.swift */ = {isa = PBXFileReference; lastKnownFileType = sourcecode.swift; path = PlayerHighlightInfo.swift; sourceTree = "<group>"; };
		B94091AD25D09D5A00EE5DF2 /* LoadManager.swift */ = {isa = PBXFileReference; lastKnownFileType = sourcecode.swift; path = LoadManager.swift; sourceTree = "<group>"; };
		B94091B225D09DF900EE5DF2 /* SwiftUI+CrossPlatform.swift */ = {isa = PBXFileReference; lastKnownFileType = sourcecode.swift; path = "SwiftUI+CrossPlatform.swift"; sourceTree = "<group>"; };
		B94091B725D09F0200EE5DF2 /* MatchListView.swift */ = {isa = PBXFileReference; lastKnownFileType = sourcecode.swift; path = MatchListView.swift; sourceTree = "<group>"; };
		B941B64325A5BC8800F675C1 /* ValorantViewerApp.swift */ = {isa = PBXFileReference; lastKnownFileType = sourcecode.swift; path = ValorantViewerApp.swift; sourceTree = "<group>"; };
		B941B64425A5BC8800F675C1 /* ContentView.swift */ = {isa = PBXFileReference; lastKnownFileType = sourcecode.swift; path = ContentView.swift; sourceTree = "<group>"; };
		B941B64525A5BC8A00F675C1 /* Assets.xcassets */ = {isa = PBXFileReference; lastKnownFileType = folder.assetcatalog; path = Assets.xcassets; sourceTree = "<group>"; };
		B941B64A25A5BC8A00F675C1 /* Valorant Viewer.app */ = {isa = PBXFileReference; explicitFileType = wrapper.application; includeInIndex = 0; path = "Valorant Viewer.app"; sourceTree = BUILT_PRODUCTS_DIR; };
		B941B64D25A5BC8A00F675C1 /* Info.plist */ = {isa = PBXFileReference; lastKnownFileType = text.plist.xml; path = Info.plist; sourceTree = "<group>"; };
		B941B65225A5BC8A00F675C1 /* Valorant Viewer.app */ = {isa = PBXFileReference; explicitFileType = wrapper.application; includeInIndex = 0; path = "Valorant Viewer.app"; sourceTree = BUILT_PRODUCTS_DIR; };
		B941B65425A5BC8A00F675C1 /* Info.plist */ = {isa = PBXFileReference; lastKnownFileType = text.plist.xml; path = Info.plist; sourceTree = "<group>"; };
		B941B65525A5BC8A00F675C1 /* macOS.entitlements */ = {isa = PBXFileReference; lastKnownFileType = text.plist.entitlements; path = macOS.entitlements; sourceTree = "<group>"; };
		B941B6D725A7A09000F675C1 /* Credentials.swift */ = {isa = PBXFileReference; lastKnownFileType = sourcecode.swift; path = Credentials.swift; sourceTree = "<group>"; };
		B941B6DD25A7BC3800F675C1 /* View+Styling.swift */ = {isa = PBXFileReference; lastKnownFileType = sourcecode.swift; path = "View+Styling.swift"; sourceTree = "<group>"; };
		B941B6E425A7C48300F675C1 /* LoginForm.swift */ = {isa = PBXFileReference; lastKnownFileType = sourcecode.swift; path = LoginForm.swift; sourceTree = "<group>"; };
		B941B6EB25A7C83700F675C1 /* example_updates.json */ = {isa = PBXFileReference; fileEncoding = 4; lastKnownFileType = text.json; path = example_updates.json; sourceTree = "<group>"; };
		B9485F83264B1DD300AC3456 /* AgentAssets.swift */ = {isa = PBXFileReference; lastKnownFileType = sourcecode.swift; path = AgentAssets.swift; sourceTree = "<group>"; };
		B9485F86264B5BD700AC3456 /* AssetImage.swift */ = {isa = PBXFileReference; lastKnownFileType = sourcecode.swift; path = AssetImage.swift; sourceTree = "<group>"; };
		B9485F8D264B639F00AC3456 /* Valorant Viewer Tests.xctest */ = {isa = PBXFileReference; explicitFileType = wrapper.cfbundle; includeInIndex = 0; path = "Valorant Viewer Tests.xctest"; sourceTree = BUILT_PRODUCTS_DIR; };
		B9485F8F264B639F00AC3456 /* Tests.swift */ = {isa = PBXFileReference; lastKnownFileType = sourcecode.swift; path = Tests.swift; sourceTree = "<group>"; };
		B9485F91264B639F00AC3456 /* Info.plist */ = {isa = PBXFileReference; lastKnownFileType = text.plist.xml; path = Info.plist; sourceTree = "<group>"; };
		B96845B22665C7B900DC59D2 /* ClientData.swift */ = {isa = PBXFileReference; lastKnownFileType = sourcecode.swift; path = ClientData.swift; sourceTree = "<group>"; };
		B96A0C9F265A8B4600844674 /* strange_match.json */ = {isa = PBXFileReference; fileEncoding = 4; lastKnownFileType = text.json; path = strange_match.json; sourceTree = "<group>"; };
		B96A0CA2265ABBC700844674 /* SwiftUI+Helpers.swift */ = {isa = PBXFileReference; lastKnownFileType = sourcecode.swift; path = "SwiftUI+Helpers.swift"; sourceTree = "<group>"; };
		B96A0CA9265AE32200844674 /* MissionAssets.swift */ = {isa = PBXFileReference; lastKnownFileType = sourcecode.swift; path = MissionAssets.swift; sourceTree = "<group>"; };
		B96A0CAC265B0FB500844674 /* ObjectiveAssets.swift */ = {isa = PBXFileReference; lastKnownFileType = sourcecode.swift; path = ObjectiveAssets.swift; sourceTree = "<group>"; };
		B9741477266F18A800892B5F /* String+Localization.swift */ = {isa = PBXFileReference; lastKnownFileType = sourcecode.swift; path = "String+Localization.swift"; sourceTree = "<group>"; };
		B99B75942655859C00FBEB60 /* Valorant Viewer.entitlements */ = {isa = PBXFileReference; lastKnownFileType = text.plist.entitlements; path = "Valorant Viewer.entitlements"; sourceTree = "<group>"; };
		B9C97DC6263CADFC001E4D1B /* ValorantAPI+Mock.swift */ = {isa = PBXFileReference; lastKnownFileType = sourcecode.swift; path = "ValorantAPI+Mock.swift"; sourceTree = "<group>"; };
		B9C97DCF263CB139001E4D1B /* ValorantAPI */ = {isa = PBXFileReference; lastKnownFileType = folder; name = ValorantAPI; path = "../ Packages/ValorantAPI"; sourceTree = "<group>"; };
		B9C97DD0263CB744001E4D1B /* MatchList.swift */ = {isa = PBXFileReference; lastKnownFileType = sourcecode.swift; path = MatchList.swift; sourceTree = "<group>"; };
		B9CF2E6125A81B48004A1458 /* UnifiedStyles.swift */ = {isa = PBXFileReference; lastKnownFileType = sourcecode.swift; path = UnifiedStyles.swift; sourceTree = "<group>"; };
		B9CF2E7325A8217C004A1458 /* Combine+Ergonomics.swift */ = {isa = PBXFileReference; lastKnownFileType = sourcecode.swift; path = "Combine+Ergonomics.swift"; sourceTree = "<group>"; };
		B9CF2E7825A89976004A1458 /* MatchCell.swift */ = {isa = PBXFileReference; lastKnownFileType = sourcecode.swift; path = MatchCell.swift; sourceTree = "<group>"; };
		B9D9E592266D358300827470 /* Lightbox.swift */ = {isa = PBXFileReference; lastKnownFileType = sourcecode.swift; path = Lightbox.swift; sourceTree = "<group>"; };
		B9DCF9A62642E0EC00C39EC4 /* ScoreboardView.swift */ = {isa = PBXFileReference; lastKnownFileType = sourcecode.swift; path = ScoreboardView.swift; sourceTree = "<group>"; };
		B9DCF9AA2642F7A100C39EC4 /* Preview Assets.xcassets */ = {isa = PBXFileReference; lastKnownFileType = folder.assetcatalog; path = "Preview Assets.xcassets"; sourceTree = "<group>"; };
		B9DCF9AD2642F8FD00C39EC4 /* AssetManager.swift */ = {isa = PBXFileReference; lastKnownFileType = sourcecode.swift; path = AssetManager.swift; sourceTree = "<group>"; };
		B9E12B0B25BBD57D008E1E77 /* Optional+Functional.swift */ = {isa = PBXFileReference; lastKnownFileType = sourcecode.swift; path = "Optional+Functional.swift"; sourceTree = "<group>"; };
		B9E43DA1265DB94C00F59E35 /* MatchViewData.swift */ = {isa = PBXFileReference; lastKnownFileType = sourcecode.swift; path = MatchViewData.swift; sourceTree = "<group>"; };
		B9EE6E5A26589DE1007E28B5 /* MatchDetailsHero.swift */ = {isa = PBXFileReference; lastKnownFileType = sourcecode.swift; path = MatchDetailsHero.swift; sourceTree = "<group>"; };
		B9EE6E5E26589EB8007E28B5 /* MatchDetailsContainer.swift */ = {isa = PBXFileReference; lastKnownFileType = sourcecode.swift; path = MatchDetailsContainer.swift; sourceTree = "<group>"; };
		B9EE6E6126589FAA007E28B5 /* PreviewData.swift */ = {isa = PBXFileReference; lastKnownFileType = sourcecode.swift; path = PreviewData.swift; sourceTree = "<group>"; };
		B9EE6E642658A363007E28B5 /* SwiftUI+Previews.swift */ = {isa = PBXFileReference; lastKnownFileType = sourcecode.swift; path = "SwiftUI+Previews.swift"; sourceTree = "<group>"; };
		B9EE6E672658A6D2007E28B5 /* AssetLoading.swift */ = {isa = PBXFileReference; lastKnownFileType = sourcecode.swift; path = AssetLoading.swift; sourceTree = "<group>"; };
		B9EE6E6D26594374007E28B5 /* KillBreakdownView.swift */ = {isa = PBXFileReference; lastKnownFileType = sourcecode.swift; path = KillBreakdownView.swift; sourceTree = "<group>"; };
		B9EE6E702659D30A007E28B5 /* Swift+Helpers.swift */ = {isa = PBXFileReference; lastKnownFileType = sourcecode.swift; path = "Swift+Helpers.swift"; sourceTree = "<group>"; };
		B9EF0F20263CFC870067176A /* MatchDetailsView.swift */ = {isa = PBXFileReference; lastKnownFileType = sourcecode.swift; path = MatchDetailsView.swift; sourceTree = "<group>"; };
		B9EF0F23263D09120067176A /* example_match.json */ = {isa = PBXFileReference; lastKnownFileType = text.json; path = example_match.json; sourceTree = "<group>"; };
		B9EF0F26263D9D860067176A /* ValorantAPI+SwiftUI.swift */ = {isa = PBXFileReference; lastKnownFileType = sourcecode.swift; path = "ValorantAPI+SwiftUI.swift"; sourceTree = "<group>"; };
		B9F07CB326474E8A006CD4F5 /* AssetClient.swift */ = {isa = PBXFileReference; lastKnownFileType = sourcecode.swift; path = AssetClient.swift; sourceTree = "<group>"; };
		B9F07CB626474EB7006CD4F5 /* AssetVersion.swift */ = {isa = PBXFileReference; lastKnownFileType = sourcecode.swift; path = AssetVersion.swift; sourceTree = "<group>"; };
		B9F07CB926474F4E006CD4F5 /* MapAssets.swift */ = {isa = PBXFileReference; lastKnownFileType = sourcecode.swift; path = MapAssets.swift; sourceTree = "<group>"; };
		B9F5232E266ED96600DFF8DD /* LiveView.swift */ = {isa = PBXFileReference; lastKnownFileType = sourcecode.swift; path = LiveView.swift; sourceTree = "<group>"; };
		B9F52331266EE57900DFF8DD /* example_contracts.json */ = {isa = PBXFileReference; fileEncoding = 4; lastKnownFileType = text.json; path = example_contracts.json; sourceTree = "<group>"; };
		B9F65C462651D20200C9C34A /* MapImage.swift */ = {isa = PBXFileReference; lastKnownFileType = sourcecode.swift; path = MapImage.swift; sourceTree = "<group>"; };
		B9F65C4A2651DFB100C9C34A /* AgentImage.swift */ = {isa = PBXFileReference; lastKnownFileType = sourcecode.swift; path = AgentImage.swift; sourceTree = "<group>"; };
		B9F65C4D2651EDA500C9C34A /* DynamicallyStroked.swift */ = {isa = PBXFileReference; lastKnownFileType = sourcecode.swift; path = DynamicallyStroked.swift; sourceTree = "<group>"; };
		B9F66ACD266DC31E008560FD /* AccountView.swift */ = {isa = PBXFileReference; lastKnownFileType = sourcecode.swift; path = AccountView.swift; sourceTree = "<group>"; };
/* End PBXFileReference section */

/* Begin PBXFrameworksBuildPhase section */
		B941B64725A5BC8A00F675C1 /* Frameworks */ = {
			isa = PBXFrameworksBuildPhase;
			buildActionMask = 2147483647;
			files = (
				B90BC2EE266D224F00C905D4 /* CGeometry in Frameworks */,
				B90BC2F1266D240000C905D4 /* HandyOperators in Frameworks */,
				B9C97DCC263CB0D6001E4D1B /* ValorantAPI in Frameworks */,
				B9EE6E752659D6DF007E28B5 /* Algorithms in Frameworks */,
				B941B6D025A79A6400F675C1 /* KeychainSwift in Frameworks */,
				B9CF2E6C25A81F57004A1458 /* SwiftUIMissingPieces in Frameworks */,
				B941B69B25A62FFB00F675C1 /* UserDefault in Frameworks */,
				B9EF0F2B263DEEA30067176A /* VisualEffects in Frameworks */,
			);
			runOnlyForDeploymentPostprocessing = 0;
		};
		B941B64F25A5BC8A00F675C1 /* Frameworks */ = {
			isa = PBXFrameworksBuildPhase;
			buildActionMask = 2147483647;
			files = (
				B9C97DCE263CB0F8001E4D1B /* ValorantAPI in Frameworks */,
				B9EE6E772659D6ED007E28B5 /* Algorithms in Frameworks */,
				B941B6D425A79A6A00F675C1 /* KeychainSwift in Frameworks */,
				B9CF2E7025A81F5D004A1458 /* SwiftUIMissingPieces in Frameworks */,
				B941B69F25A6300100F675C1 /* UserDefault in Frameworks */,
				B9EF0F2D263DEEAA0067176A /* VisualEffects in Frameworks */,
			);
			runOnlyForDeploymentPostprocessing = 0;
		};
		B9485F8A264B639F00AC3456 /* Frameworks */ = {
			isa = PBXFrameworksBuildPhase;
			buildActionMask = 2147483647;
			files = (
				B9485F99264B67EC00AC3456 /* CombineExpectations in Frameworks */,
			);
			runOnlyForDeploymentPostprocessing = 0;
		};
/* End PBXFrameworksBuildPhase section */

/* Begin PBXGroup section */
		B9131D67266AFA3B00E85F46 /* Reference */ = {
			isa = PBXGroup;
			children = (
				B9131D64266AF6C600E85F46 /* ReferenceView.swift */,
				B9131D68266AFA4C00E85F46 /* MapListView.swift */,
				B9131D6B266AFA7900E85F46 /* MapInfoView.swift */,
			);
			path = Reference;
			sourceTree = "<group>";
		};
		B94091C925D0ACAC00EE5DF2 /* Views */ = {
			isa = PBXGroup;
			children = (
				B941B64425A5BC8800F675C1 /* ContentView.swift */,
				B94091B725D09F0200EE5DF2 /* MatchListView.swift */,
				B9CF2E7825A89976004A1458 /* MatchCell.swift */,
				B9F5232E266ED96600DFF8DD /* LiveView.swift */,
				B9131D67266AFA3B00E85F46 /* Reference */,
				B9F66ACC266DC2F5008560FD /* Account */,
				B9EE6E5D26589E8F007E28B5 /* Match Details */,
				B9D9E592266D358300827470 /* Lightbox.swift */,
				B9F65C4D2651EDA500C9C34A /* DynamicallyStroked.swift */,
				B9EF0F26263D9D860067176A /* ValorantAPI+SwiftUI.swift */,
			);
			path = Views;
			sourceTree = "<group>";
		};
		B94091CC25D0ACB100EE5DF2 /* Model */ = {
			isa = PBXGroup;
			children = (
				B941B6D725A7A09000F675C1 /* Credentials.swift */,
				B9C97DD0263CB744001E4D1B /* MatchList.swift */,
				B96845B22665C7B900DC59D2 /* ClientData.swift */,
				B94091AD25D09D5A00EE5DF2 /* LoadManager.swift */,
				B9131D60266A707600E85F46 /* ValorantLoadManager.swift */,
				B9F07CB226474E77006CD4F5 /* Assets */,
			);
			path = Model;
			sourceTree = "<group>";
		};
		B941B63D25A5BC8800F675C1 = {
			isa = PBXGroup;
			children = (
				B99B75942655859C00FBEB60 /* Valorant Viewer.entitlements */,
				B91B2B94264384FD00074F7D /* Protoquest */,
				B9C97DCF263CB139001E4D1B /* ValorantAPI */,
				B941B64225A5BC8800F675C1 /* Shared */,
				B941B64C25A5BC8A00F675C1 /* iOS */,
				B941B65325A5BC8A00F675C1 /* macOS */,
				B9485F8E264B639F00AC3456 /* Valorant Viewer Tests */,
				B941B64B25A5BC8A00F675C1 /* Products */,
				B941B66D25A5C3AD00F675C1 /* Frameworks */,
			);
			sourceTree = "<group>";
		};
		B941B64225A5BC8800F675C1 /* Shared */ = {
			isa = PBXGroup;
			children = (
				B941B64325A5BC8800F675C1 /* ValorantViewerApp.swift */,
				B94091C925D0ACAC00EE5DF2 /* Views */,
				B94091CC25D0ACB100EE5DF2 /* Model */,
				B941B6DC25A7BC3200F675C1 /* Helpers */,
				B9DCF9A92642F78900C39EC4 /* Preview Content */,
				B941B64525A5BC8A00F675C1 /* Assets.xcassets */,
			);
			path = Shared;
			sourceTree = "<group>";
		};
		B941B64B25A5BC8A00F675C1 /* Products */ = {
			isa = PBXGroup;
			children = (
				B941B64A25A5BC8A00F675C1 /* Valorant Viewer.app */,
				B941B65225A5BC8A00F675C1 /* Valorant Viewer.app */,
				B9485F8D264B639F00AC3456 /* Valorant Viewer Tests.xctest */,
			);
			name = Products;
			sourceTree = "<group>";
		};
		B941B64C25A5BC8A00F675C1 /* iOS */ = {
			isa = PBXGroup;
			children = (
				B941B64D25A5BC8A00F675C1 /* Info.plist */,
			);
			path = iOS;
			sourceTree = "<group>";
		};
		B941B65325A5BC8A00F675C1 /* macOS */ = {
			isa = PBXGroup;
			children = (
				B941B65425A5BC8A00F675C1 /* Info.plist */,
				B941B65525A5BC8A00F675C1 /* macOS.entitlements */,
			);
			path = macOS;
			sourceTree = "<group>";
		};
		B941B66D25A5C3AD00F675C1 /* Frameworks */ = {
			isa = PBXGroup;
			children = (
			);
			name = Frameworks;
			sourceTree = "<group>";
		};
		B941B6DC25A7BC3200F675C1 /* Helpers */ = {
			isa = PBXGroup;
			children = (
				B941B6DD25A7BC3800F675C1 /* View+Styling.swift */,
				B9CF2E6125A81B48004A1458 /* UnifiedStyles.swift */,
				B9CF2E7325A8217C004A1458 /* Combine+Ergonomics.swift */,
				B9E12B0B25BBD57D008E1E77 /* Optional+Functional.swift */,
				B94091B225D09DF900EE5DF2 /* SwiftUI+CrossPlatform.swift */,
				B9C97DC6263CADFC001E4D1B /* ValorantAPI+Mock.swift */,
				B9EE6E702659D30A007E28B5 /* Swift+Helpers.swift */,
				B96A0CA2265ABBC700844674 /* SwiftUI+Helpers.swift */,
				B9741477266F18A800892B5F /* String+Localization.swift */,
			);
			path = Helpers;
			sourceTree = "<group>";
		};
		B9485F8E264B639F00AC3456 /* Valorant Viewer Tests */ = {
			isa = PBXGroup;
			children = (
				B9485F8F264B639F00AC3456 /* Tests.swift */,
				B9485F91264B639F00AC3456 /* Info.plist */,
			);
			path = "Valorant Viewer Tests";
			sourceTree = "<group>";
		};
		B96A0CA5265ADEA000844674 /* Concrete Assets */ = {
			isa = PBXGroup;
			children = (
				B9F07CB926474F4E006CD4F5 /* MapAssets.swift */,
				B9485F83264B1DD300AC3456 /* AgentAssets.swift */,
				B96A0CA9265AE32200844674 /* MissionAssets.swift */,
				B96A0CAC265B0FB500844674 /* ObjectiveAssets.swift */,
			);
			path = "Concrete Assets";
			sourceTree = "<group>";
		};
		B9DCF9A92642F78900C39EC4 /* Preview Content */ = {
			isa = PBXGroup;
			children = (
				B9EE6E642658A363007E28B5 /* SwiftUI+Previews.swift */,
				B9EE6E6126589FAA007E28B5 /* PreviewData.swift */,
				B9EF0F23263D09120067176A /* example_match.json */,
				B941B6EB25A7C83700F675C1 /* example_updates.json */,
				B96A0C9F265A8B4600844674 /* strange_match.json */,
				B9F52331266EE57900DFF8DD /* example_contracts.json */,
				B9DCF9AA2642F7A100C39EC4 /* Preview Assets.xcassets */,
			);
			path = "Preview Content";
			sourceTree = "<group>";
		};
		B9EE6E5D26589E8F007E28B5 /* Match Details */ = {
			isa = PBXGroup;
			children = (
				B9EE6E5E26589EB8007E28B5 /* MatchDetailsContainer.swift */,
				B9EF0F20263CFC870067176A /* MatchDetailsView.swift */,
				B9EE6E5A26589DE1007E28B5 /* MatchDetailsHero.swift */,
				B9DCF9A62642E0EC00C39EC4 /* ScoreboardView.swift */,
				B9EE6E6D26594374007E28B5 /* KillBreakdownView.swift */,
				B9E43DA1265DB94C00F59E35 /* MatchViewData.swift */,
				B927614A266284B700CF2100 /* PlayerHighlightInfo.swift */,
			);
			path = "Match Details";
			sourceTree = "<group>";
		};
		B9F07CB226474E77006CD4F5 /* Assets */ = {
			isa = PBXGroup;
			children = (
				B9F65C492651DFA000C9C34A /* Views */,
				B96A0CA5265ADEA000844674 /* Concrete Assets */,
				B9DCF9AD2642F8FD00C39EC4 /* AssetManager.swift */,
				B9EE6E672658A6D2007E28B5 /* AssetLoading.swift */,
				B9F07CB326474E8A006CD4F5 /* AssetClient.swift */,
				B9F07CB626474EB7006CD4F5 /* AssetVersion.swift */,
				B9485F86264B5BD700AC3456 /* AssetImage.swift */,
			);
			path = Assets;
			sourceTree = "<group>";
		};
		B9F65C492651DFA000C9C34A /* Views */ = {
			isa = PBXGroup;
			children = (
				B9F65C462651D20200C9C34A /* MapImage.swift */,
				B9F65C4A2651DFB100C9C34A /* AgentImage.swift */,
			);
			path = Views;
			sourceTree = "<group>";
		};
		B9F66ACC266DC2F5008560FD /* Account */ = {
			isa = PBXGroup;
			children = (
				B941B6E425A7C48300F675C1 /* LoginForm.swift */,
				B9F66ACD266DC31E008560FD /* AccountView.swift */,
			);
			path = Account;
			sourceTree = "<group>";
		};
/* End PBXGroup section */

/* Begin PBXNativeTarget section */
		B941B64925A5BC8A00F675C1 /* Valorant Viewer (iOS) */ = {
			isa = PBXNativeTarget;
			buildConfigurationList = B941B65E25A5BC8A00F675C1 /* Build configuration list for PBXNativeTarget "Valorant Viewer (iOS)" */;
			buildPhases = (
				B941B64625A5BC8A00F675C1 /* Sources */,
				B941B64725A5BC8A00F675C1 /* Frameworks */,
				B941B64825A5BC8A00F675C1 /* Resources */,
			);
			buildRules = (
			);
			dependencies = (
			);
			name = "Valorant Viewer (iOS)";
			packageProductDependencies = (
				B941B69A25A62FFB00F675C1 /* UserDefault */,
				B941B6CF25A79A6400F675C1 /* KeychainSwift */,
				B9CF2E6B25A81F57004A1458 /* SwiftUIMissingPieces */,
				B9C97DCB263CB0D6001E4D1B /* ValorantAPI */,
				B9EF0F2A263DEEA30067176A /* VisualEffects */,
				B9EE6E742659D6DF007E28B5 /* Algorithms */,
				B90BC2ED266D224F00C905D4 /* CGeometry */,
				B90BC2F0266D240000C905D4 /* HandyOperators */,
			);
			productName = "Valorant Viewer (iOS)";
			productReference = B941B64A25A5BC8A00F675C1 /* Valorant Viewer.app */;
			productType = "com.apple.product-type.application";
		};
		B941B65125A5BC8A00F675C1 /* Valorant Viewer (macOS) */ = {
			isa = PBXNativeTarget;
			buildConfigurationList = B941B66125A5BC8A00F675C1 /* Build configuration list for PBXNativeTarget "Valorant Viewer (macOS)" */;
			buildPhases = (
				B941B64E25A5BC8A00F675C1 /* Sources */,
				B941B64F25A5BC8A00F675C1 /* Frameworks */,
				B941B65025A5BC8A00F675C1 /* Resources */,
			);
			buildRules = (
			);
			dependencies = (
			);
			name = "Valorant Viewer (macOS)";
			packageProductDependencies = (
				B941B69E25A6300100F675C1 /* UserDefault */,
				B941B6D325A79A6A00F675C1 /* KeychainSwift */,
				B9CF2E6F25A81F5D004A1458 /* SwiftUIMissingPieces */,
				B9C97DCD263CB0F8001E4D1B /* ValorantAPI */,
				B9EF0F2C263DEEAA0067176A /* VisualEffects */,
				B9EE6E762659D6ED007E28B5 /* Algorithms */,
			);
			productName = "Valorant Viewer (macOS)";
			productReference = B941B65225A5BC8A00F675C1 /* Valorant Viewer.app */;
			productType = "com.apple.product-type.application";
		};
		B9485F8C264B639F00AC3456 /* Valorant Viewer Tests */ = {
			isa = PBXNativeTarget;
			buildConfigurationList = B9485F94264B639F00AC3456 /* Build configuration list for PBXNativeTarget "Valorant Viewer Tests" */;
			buildPhases = (
				B9485F89264B639F00AC3456 /* Sources */,
				B9485F8A264B639F00AC3456 /* Frameworks */,
				B9485F8B264B639F00AC3456 /* Resources */,
			);
			buildRules = (
			);
			dependencies = (
				B9485F93264B639F00AC3456 /* PBXTargetDependency */,
			);
			name = "Valorant Viewer Tests";
			packageProductDependencies = (
				B9485F98264B67EC00AC3456 /* CombineExpectations */,
			);
			productName = "Valorant Viewer Tests";
			productReference = B9485F8D264B639F00AC3456 /* Valorant Viewer Tests.xctest */;
			productType = "com.apple.product-type.bundle.unit-test";
		};
/* End PBXNativeTarget section */

/* Begin PBXProject section */
		B941B63E25A5BC8800F675C1 /* Project object */ = {
			isa = PBXProject;
			attributes = {
				LastSwiftUpdateCheck = 1250;
				LastUpgradeCheck = 1240;
				TargetAttributes = {
					B941B64925A5BC8A00F675C1 = {
						CreatedOnToolsVersion = 12.3;
					};
					B941B65125A5BC8A00F675C1 = {
						CreatedOnToolsVersion = 12.3;
					};
					B9485F8C264B639F00AC3456 = {
						CreatedOnToolsVersion = 12.5;
						TestTargetID = B941B65125A5BC8A00F675C1;
					};
				};
			};
			buildConfigurationList = B941B64125A5BC8800F675C1 /* Build configuration list for PBXProject "Valorant Viewer" */;
			compatibilityVersion = "Xcode 9.3";
			developmentRegion = en;
			hasScannedForEncodings = 0;
			knownRegions = (
				en,
				Base,
			);
			mainGroup = B941B63D25A5BC8800F675C1;
			packageReferences = (
				B941B69925A62FFB00F675C1 /* XCRemoteSwiftPackageReference "UserDefault" */,
				B941B6CE25A79A6400F675C1 /* XCRemoteSwiftPackageReference "keychain-swift" */,
				B9CF2E6A25A81F57004A1458 /* XCRemoteSwiftPackageReference "SwifUI-Missing-Pieces" */,
				B9C97DCA263CB0D6001E4D1B /* XCRemoteSwiftPackageReference "ValorantAPI" */,
				B9EF0F29263DEEA30067176A /* XCRemoteSwiftPackageReference "VisualEffects" */,
				B9485F97264B67EC00AC3456 /* XCRemoteSwiftPackageReference "CombineExpectations" */,
				B9EE6E732659D6DF007E28B5 /* XCRemoteSwiftPackageReference "swift-algorithms" */,
				B90BC2EC266D224F00C905D4 /* XCRemoteSwiftPackageReference "CGeometry" */,
				B90BC2EF266D240000C905D4 /* XCRemoteSwiftPackageReference "HandyOperators" */,
			);
			productRefGroup = B941B64B25A5BC8A00F675C1 /* Products */;
			projectDirPath = "";
			projectRoot = "";
			targets = (
				B941B64925A5BC8A00F675C1 /* Valorant Viewer (iOS) */,
				B941B65125A5BC8A00F675C1 /* Valorant Viewer (macOS) */,
				B9485F8C264B639F00AC3456 /* Valorant Viewer Tests */,
			);
		};
/* End PBXProject section */

/* Begin PBXResourcesBuildPhase section */
		B941B64825A5BC8A00F675C1 /* Resources */ = {
			isa = PBXResourcesBuildPhase;
			buildActionMask = 2147483647;
			files = (
				B9DCF9AB2642F7A100C39EC4 /* Preview Assets.xcassets in Resources */,
				B9EF0F25263D09AD0067176A /* example_match.json in Resources */,
				B941B6EC25A7C83700F675C1 /* example_updates.json in Resources */,
				B9F52332266EE57900DFF8DD /* example_contracts.json in Resources */,
				B941B65A25A5BC8A00F675C1 /* Assets.xcassets in Resources */,
				B96A0CA0265A8B4600844674 /* strange_match.json in Resources */,
			);
			runOnlyForDeploymentPostprocessing = 0;
		};
		B941B65025A5BC8A00F675C1 /* Resources */ = {
			isa = PBXResourcesBuildPhase;
			buildActionMask = 2147483647;
			files = (
				B9DCF9AC2642F7A100C39EC4 /* Preview Assets.xcassets in Resources */,
				B941B6ED25A7C83700F675C1 /* example_updates.json in Resources */,
				B9EF0F24263D091F0067176A /* example_match.json in Resources */,
				B9F52333266EE57900DFF8DD /* example_contracts.json in Resources */,
				B941B65B25A5BC8A00F675C1 /* Assets.xcassets in Resources */,
				B96A0CA1265A8B4600844674 /* strange_match.json in Resources */,
			);
			runOnlyForDeploymentPostprocessing = 0;
		};
		B9485F8B264B639F00AC3456 /* Resources */ = {
			isa = PBXResourcesBuildPhase;
			buildActionMask = 2147483647;
			files = (
			);
			runOnlyForDeploymentPostprocessing = 0;
		};
/* End PBXResourcesBuildPhase section */

/* Begin PBXSourcesBuildPhase section */
		B941B64625A5BC8A00F675C1 /* Sources */ = {
			isa = PBXSourcesBuildPhase;
			buildActionMask = 2147483647;
			files = (
				B927614B266284B700CF2100 /* PlayerHighlightInfo.swift in Sources */,
				B9131D61266A707600E85F46 /* ValorantLoadManager.swift in Sources */,
				B9EE6E5F26589EB8007E28B5 /* MatchDetailsContainer.swift in Sources */,
				B941B6DE25A7BC3800F675C1 /* View+Styling.swift in Sources */,
				B94091AE25D09D5A00EE5DF2 /* LoadManager.swift in Sources */,
				B9131D69266AFA4C00E85F46 /* MapListView.swift in Sources */,
				B9F5232F266ED96600DFF8DD /* LiveView.swift in Sources */,
				B96845B32665C7B900DC59D2 /* ClientData.swift in Sources */,
				B9F65C4E2651EDA500C9C34A /* DynamicallyStroked.swift in Sources */,
				B9DCF9AE2642F8FD00C39EC4 /* AssetManager.swift in Sources */,
				B9EE6E6E26594374007E28B5 /* KillBreakdownView.swift in Sources */,
				B941B6E525A7C48300F675C1 /* LoginForm.swift in Sources */,
				B9131D65266AF6C600E85F46 /* ReferenceView.swift in Sources */,
				B94091B825D09F0200EE5DF2 /* MatchListView.swift in Sources */,
				B96A0CAD265B0FB500844674 /* ObjectiveAssets.swift in Sources */,
				B9CF2E7425A8217C004A1458 /* Combine+Ergonomics.swift in Sources */,
				B9F65C472651D20200C9C34A /* MapImage.swift in Sources */,
				B9131D6C266AFA7900E85F46 /* MapInfoView.swift in Sources */,
				B9741478266F18A800892B5F /* String+Localization.swift in Sources */,
				B94091B325D09DF900EE5DF2 /* SwiftUI+CrossPlatform.swift in Sources */,
				B941B6D825A7A09000F675C1 /* Credentials.swift in Sources */,
				B9EE6E682658A6D2007E28B5 /* AssetLoading.swift in Sources */,
				B9CF2E7925A89976004A1458 /* MatchCell.swift in Sources */,
				B9EF0F27263D9D860067176A /* ValorantAPI+SwiftUI.swift in Sources */,
				B9485F84264B1DD300AC3456 /* AgentAssets.swift in Sources */,
				B941B65825A5BC8A00F675C1 /* ContentView.swift in Sources */,
				B9F66ACE266DC31E008560FD /* AccountView.swift in Sources */,
				B9DCF9A72642E0EC00C39EC4 /* ScoreboardView.swift in Sources */,
				B96A0CA3265ABBC700844674 /* SwiftUI+Helpers.swift in Sources */,
				B941B65625A5BC8A00F675C1 /* ValorantViewerApp.swift in Sources */,
				B9C97DD1263CB744001E4D1B /* MatchList.swift in Sources */,
				B9F65C4B2651DFB100C9C34A /* AgentImage.swift in Sources */,
				B9EE6E652658A363007E28B5 /* SwiftUI+Previews.swift in Sources */,
				B9EE6E5B26589DE1007E28B5 /* MatchDetailsHero.swift in Sources */,
				B9EE6E6226589FAA007E28B5 /* PreviewData.swift in Sources */,
				B9E43DA2265DB94C00F59E35 /* MatchViewData.swift in Sources */,
				B9CF2E6225A81B48004A1458 /* UnifiedStyles.swift in Sources */,
				B9F07CB726474EB7006CD4F5 /* AssetVersion.swift in Sources */,
				B9F07CB426474E8A006CD4F5 /* AssetClient.swift in Sources */,
				B9F07CBA26474F4E006CD4F5 /* MapAssets.swift in Sources */,
				B9C97DC7263CADFC001E4D1B /* ValorantAPI+Mock.swift in Sources */,
				B9E12B0C25BBD57D008E1E77 /* Optional+Functional.swift in Sources */,
				B9485F87264B5BD700AC3456 /* AssetImage.swift in Sources */,
				B9EE6E712659D30A007E28B5 /* Swift+Helpers.swift in Sources */,
				B9EF0F21263CFC870067176A /* MatchDetailsView.swift in Sources */,
				B9D9E593266D358300827470 /* Lightbox.swift in Sources */,
				B96A0CAA265AE32200844674 /* MissionAssets.swift in Sources */,
			);
			runOnlyForDeploymentPostprocessing = 0;
		};
		B941B64E25A5BC8A00F675C1 /* Sources */ = {
			isa = PBXSourcesBuildPhase;
			buildActionMask = 2147483647;
			files = (
				B927614C266284B700CF2100 /* PlayerHighlightInfo.swift in Sources */,
				B9131D62266A707600E85F46 /* ValorantLoadManager.swift in Sources */,
				B9EE6E6026589EB8007E28B5 /* MatchDetailsContainer.swift in Sources */,
				B941B6DF25A7BC3800F675C1 /* View+Styling.swift in Sources */,
				B94091AF25D09D5A00EE5DF2 /* LoadManager.swift in Sources */,
				B9131D6A266AFA4C00E85F46 /* MapListView.swift in Sources */,
				B9F52330266ED96600DFF8DD /* LiveView.swift in Sources */,
				B96845B42665C7B900DC59D2 /* ClientData.swift in Sources */,
				B9F65C4F2651EDA500C9C34A /* DynamicallyStroked.swift in Sources */,
				B9DCF9AF2642F8FD00C39EC4 /* AssetManager.swift in Sources */,
				B9EE6E6F26594374007E28B5 /* KillBreakdownView.swift in Sources */,
				B941B6E625A7C48300F675C1 /* LoginForm.swift in Sources */,
				B9131D66266AF6C600E85F46 /* ReferenceView.swift in Sources */,
				B94091B925D09F0200EE5DF2 /* MatchListView.swift in Sources */,
				B96A0CAE265B0FB500844674 /* ObjectiveAssets.swift in Sources */,
				B9CF2E7525A8217C004A1458 /* Combine+Ergonomics.swift in Sources */,
				B9F65C482651D20200C9C34A /* MapImage.swift in Sources */,
				B9131D6D266AFA7900E85F46 /* MapInfoView.swift in Sources */,
				B9741479266F18A800892B5F /* String+Localization.swift in Sources */,
				B94091B425D09DF900EE5DF2 /* SwiftUI+CrossPlatform.swift in Sources */,
				B941B6D925A7A09000F675C1 /* Credentials.swift in Sources */,
				B9EE6E692658A6D2007E28B5 /* AssetLoading.swift in Sources */,
				B9CF2E7A25A89976004A1458 /* MatchCell.swift in Sources */,
				B9EF0F28263D9D860067176A /* ValorantAPI+SwiftUI.swift in Sources */,
				B9485F85264B1DD300AC3456 /* AgentAssets.swift in Sources */,
				B941B65925A5BC8A00F675C1 /* ContentView.swift in Sources */,
				B9F66ACF266DC31E008560FD /* AccountView.swift in Sources */,
				B9DCF9A82642E0EC00C39EC4 /* ScoreboardView.swift in Sources */,
				B96A0CA4265ABBC700844674 /* SwiftUI+Helpers.swift in Sources */,
				B941B65725A5BC8A00F675C1 /* ValorantViewerApp.swift in Sources */,
				B9C97DD2263CB744001E4D1B /* MatchList.swift in Sources */,
				B9F65C4C2651DFB100C9C34A /* AgentImage.swift in Sources */,
				B9EE6E662658A363007E28B5 /* SwiftUI+Previews.swift in Sources */,
				B9EE6E5C26589DE1007E28B5 /* MatchDetailsHero.swift in Sources */,
				B9EE6E6326589FAA007E28B5 /* PreviewData.swift in Sources */,
				B9E43DA3265DB94C00F59E35 /* MatchViewData.swift in Sources */,
				B9CF2E6325A81B48004A1458 /* UnifiedStyles.swift in Sources */,
				B9F07CB826474EB7006CD4F5 /* AssetVersion.swift in Sources */,
				B9F07CB526474E8A006CD4F5 /* AssetClient.swift in Sources */,
				B9F07CBB26474F4E006CD4F5 /* MapAssets.swift in Sources */,
				B9C97DC8263CADFC001E4D1B /* ValorantAPI+Mock.swift in Sources */,
				B9E12B0D25BBD57D008E1E77 /* Optional+Functional.swift in Sources */,
				B9485F88264B5BD700AC3456 /* AssetImage.swift in Sources */,
				B9EE6E722659D30A007E28B5 /* Swift+Helpers.swift in Sources */,
				B9EF0F22263CFC870067176A /* MatchDetailsView.swift in Sources */,
				B9D9E594266D358300827470 /* Lightbox.swift in Sources */,
				B96A0CAB265AE32200844674 /* MissionAssets.swift in Sources */,
			);
			runOnlyForDeploymentPostprocessing = 0;
		};
		B9485F89264B639F00AC3456 /* Sources */ = {
			isa = PBXSourcesBuildPhase;
			buildActionMask = 2147483647;
			files = (
				B9485F90264B639F00AC3456 /* Tests.swift in Sources */,
			);
			runOnlyForDeploymentPostprocessing = 0;
		};
/* End PBXSourcesBuildPhase section */

/* Begin PBXTargetDependency section */
		B9485F93264B639F00AC3456 /* PBXTargetDependency */ = {
			isa = PBXTargetDependency;
			target = B941B65125A5BC8A00F675C1 /* Valorant Viewer (macOS) */;
			targetProxy = B9485F92264B639F00AC3456 /* PBXContainerItemProxy */;
		};
/* End PBXTargetDependency section */

/* Begin XCBuildConfiguration section */
		B941B65C25A5BC8A00F675C1 /* Debug */ = {
			isa = XCBuildConfiguration;
			buildSettings = {
				ALWAYS_SEARCH_USER_PATHS = NO;
				CLANG_ANALYZER_NONNULL = YES;
				CLANG_ANALYZER_NUMBER_OBJECT_CONVERSION = YES_AGGRESSIVE;
				CLANG_CXX_LANGUAGE_STANDARD = "gnu++14";
				CLANG_CXX_LIBRARY = "libc++";
				CLANG_ENABLE_MODULES = YES;
				CLANG_ENABLE_OBJC_ARC = YES;
				CLANG_ENABLE_OBJC_WEAK = YES;
				CLANG_WARN_BLOCK_CAPTURE_AUTORELEASING = YES;
				CLANG_WARN_BOOL_CONVERSION = YES;
				CLANG_WARN_COMMA = YES;
				CLANG_WARN_CONSTANT_CONVERSION = YES;
				CLANG_WARN_DEPRECATED_OBJC_IMPLEMENTATIONS = YES;
				CLANG_WARN_DIRECT_OBJC_ISA_USAGE = YES_ERROR;
				CLANG_WARN_DOCUMENTATION_COMMENTS = YES;
				CLANG_WARN_EMPTY_BODY = YES;
				CLANG_WARN_ENUM_CONVERSION = YES;
				CLANG_WARN_INFINITE_RECURSION = YES;
				CLANG_WARN_INT_CONVERSION = YES;
				CLANG_WARN_NON_LITERAL_NULL_CONVERSION = YES;
				CLANG_WARN_OBJC_IMPLICIT_RETAIN_SELF = YES;
				CLANG_WARN_OBJC_LITERAL_CONVERSION = YES;
				CLANG_WARN_OBJC_ROOT_CLASS = YES_ERROR;
				CLANG_WARN_QUOTED_INCLUDE_IN_FRAMEWORK_HEADER = YES;
				CLANG_WARN_RANGE_LOOP_ANALYSIS = YES;
				CLANG_WARN_STRICT_PROTOTYPES = YES;
				CLANG_WARN_SUSPICIOUS_MOVE = YES;
				CLANG_WARN_UNGUARDED_AVAILABILITY = YES_AGGRESSIVE;
				CLANG_WARN_UNREACHABLE_CODE = YES;
				CLANG_WARN__DUPLICATE_METHOD_MATCH = YES;
				COPY_PHASE_STRIP = NO;
				DEBUG_INFORMATION_FORMAT = dwarf;
				ENABLE_STRICT_OBJC_MSGSEND = YES;
				ENABLE_TESTABILITY = YES;
				GCC_C_LANGUAGE_STANDARD = gnu11;
				GCC_DYNAMIC_NO_PIC = NO;
				GCC_NO_COMMON_BLOCKS = YES;
				GCC_OPTIMIZATION_LEVEL = 0;
				GCC_PREPROCESSOR_DEFINITIONS = (
					"DEBUG=1",
					"$(inherited)",
				);
				GCC_WARN_64_TO_32_BIT_CONVERSION = YES;
				GCC_WARN_ABOUT_RETURN_TYPE = YES_ERROR;
				GCC_WARN_UNDECLARED_SELECTOR = YES;
				GCC_WARN_UNINITIALIZED_AUTOS = YES_AGGRESSIVE;
				GCC_WARN_UNUSED_FUNCTION = YES;
				GCC_WARN_UNUSED_VARIABLE = YES;
				MTL_ENABLE_DEBUG_INFO = INCLUDE_SOURCE;
				MTL_FAST_MATH = YES;
				ONLY_ACTIVE_ARCH = YES;
				SWIFT_ACTIVE_COMPILATION_CONDITIONS = DEBUG;
				SWIFT_OPTIMIZATION_LEVEL = "-Onone";
			};
			name = Debug;
		};
		B941B65D25A5BC8A00F675C1 /* Release */ = {
			isa = XCBuildConfiguration;
			buildSettings = {
				ALWAYS_SEARCH_USER_PATHS = NO;
				CLANG_ANALYZER_NONNULL = YES;
				CLANG_ANALYZER_NUMBER_OBJECT_CONVERSION = YES_AGGRESSIVE;
				CLANG_CXX_LANGUAGE_STANDARD = "gnu++14";
				CLANG_CXX_LIBRARY = "libc++";
				CLANG_ENABLE_MODULES = YES;
				CLANG_ENABLE_OBJC_ARC = YES;
				CLANG_ENABLE_OBJC_WEAK = YES;
				CLANG_WARN_BLOCK_CAPTURE_AUTORELEASING = YES;
				CLANG_WARN_BOOL_CONVERSION = YES;
				CLANG_WARN_COMMA = YES;
				CLANG_WARN_CONSTANT_CONVERSION = YES;
				CLANG_WARN_DEPRECATED_OBJC_IMPLEMENTATIONS = YES;
				CLANG_WARN_DIRECT_OBJC_ISA_USAGE = YES_ERROR;
				CLANG_WARN_DOCUMENTATION_COMMENTS = YES;
				CLANG_WARN_EMPTY_BODY = YES;
				CLANG_WARN_ENUM_CONVERSION = YES;
				CLANG_WARN_INFINITE_RECURSION = YES;
				CLANG_WARN_INT_CONVERSION = YES;
				CLANG_WARN_NON_LITERAL_NULL_CONVERSION = YES;
				CLANG_WARN_OBJC_IMPLICIT_RETAIN_SELF = YES;
				CLANG_WARN_OBJC_LITERAL_CONVERSION = YES;
				CLANG_WARN_OBJC_ROOT_CLASS = YES_ERROR;
				CLANG_WARN_QUOTED_INCLUDE_IN_FRAMEWORK_HEADER = YES;
				CLANG_WARN_RANGE_LOOP_ANALYSIS = YES;
				CLANG_WARN_STRICT_PROTOTYPES = YES;
				CLANG_WARN_SUSPICIOUS_MOVE = YES;
				CLANG_WARN_UNGUARDED_AVAILABILITY = YES_AGGRESSIVE;
				CLANG_WARN_UNREACHABLE_CODE = YES;
				CLANG_WARN__DUPLICATE_METHOD_MATCH = YES;
				COPY_PHASE_STRIP = NO;
				DEBUG_INFORMATION_FORMAT = "dwarf-with-dsym";
				ENABLE_NS_ASSERTIONS = NO;
				ENABLE_STRICT_OBJC_MSGSEND = YES;
				GCC_C_LANGUAGE_STANDARD = gnu11;
				GCC_NO_COMMON_BLOCKS = YES;
				GCC_WARN_64_TO_32_BIT_CONVERSION = YES;
				GCC_WARN_ABOUT_RETURN_TYPE = YES_ERROR;
				GCC_WARN_UNDECLARED_SELECTOR = YES;
				GCC_WARN_UNINITIALIZED_AUTOS = YES_AGGRESSIVE;
				GCC_WARN_UNUSED_FUNCTION = YES;
				GCC_WARN_UNUSED_VARIABLE = YES;
				MTL_ENABLE_DEBUG_INFO = NO;
				MTL_FAST_MATH = YES;
				SWIFT_COMPILATION_MODE = wholemodule;
				SWIFT_OPTIMIZATION_LEVEL = "-O";
			};
			name = Release;
		};
		B941B65F25A5BC8A00F675C1 /* Debug */ = {
			isa = XCBuildConfiguration;
			buildSettings = {
				ASSETCATALOG_COMPILER_APPICON_NAME = AppIcon;
				ASSETCATALOG_COMPILER_GLOBAL_ACCENT_COLOR_NAME = AccentColor;
				CODE_SIGN_ENTITLEMENTS = "Valorant Viewer.entitlements";
				CODE_SIGN_STYLE = Automatic;
				CURRENT_PROJECT_VERSION = 6;
				DEVELOPMENT_ASSET_PATHS = "Shared/Preview\\ Content";
				DEVELOPMENT_TEAM = V2EPDFA9PV;
				ENABLE_PREVIEWS = YES;
				INFOPLIST_FILE = iOS/Info.plist;
				IPHONEOS_DEPLOYMENT_TARGET = 14.0;
				LD_RUNPATH_SEARCH_PATHS = (
					"$(inherited)",
					"@executable_path/Frameworks",
				);
				OTHER_SWIFT_FLAGS = "-Xfrontend -warn-long-expression-type-checking=500";
				PRODUCT_BUNDLE_IDENTIFIER = "com.juliand665.Valorant-Viewer";
				PRODUCT_NAME = "Valorant Viewer";
				SDKROOT = iphoneos;
				SUPPORTS_MACCATALYST = YES;
				SWIFT_VERSION = 5.0;
				TARGETED_DEVICE_FAMILY = "1,2,6";
			};
			name = Debug;
		};
		B941B66025A5BC8A00F675C1 /* Release */ = {
			isa = XCBuildConfiguration;
			buildSettings = {
				ASSETCATALOG_COMPILER_APPICON_NAME = AppIcon;
				ASSETCATALOG_COMPILER_GLOBAL_ACCENT_COLOR_NAME = AccentColor;
				CODE_SIGN_ENTITLEMENTS = "Valorant Viewer.entitlements";
				CODE_SIGN_STYLE = Automatic;
				CURRENT_PROJECT_VERSION = 6;
				DEVELOPMENT_ASSET_PATHS = "Shared/Preview\\ Content";
				DEVELOPMENT_TEAM = V2EPDFA9PV;
				ENABLE_PREVIEWS = YES;
				INFOPLIST_FILE = iOS/Info.plist;
				IPHONEOS_DEPLOYMENT_TARGET = 14.0;
				LD_RUNPATH_SEARCH_PATHS = (
					"$(inherited)",
					"@executable_path/Frameworks",
				);
				OTHER_SWIFT_FLAGS = "-Xfrontend -warn-long-expression-type-checking=500";
				PRODUCT_BUNDLE_IDENTIFIER = "com.juliand665.Valorant-Viewer";
				PRODUCT_NAME = "Valorant Viewer";
				SDKROOT = iphoneos;
				SUPPORTS_MACCATALYST = YES;
				SWIFT_VERSION = 5.0;
				TARGETED_DEVICE_FAMILY = "1,2,6";
				VALIDATE_PRODUCT = YES;
			};
			name = Release;
		};
		B941B66225A5BC8A00F675C1 /* Debug */ = {
			isa = XCBuildConfiguration;
			buildSettings = {
				ASSETCATALOG_COMPILER_APPICON_NAME = AppIcon;
				ASSETCATALOG_COMPILER_GLOBAL_ACCENT_COLOR_NAME = AccentColor;
				CODE_SIGN_ENTITLEMENTS = macOS/macOS.entitlements;
				CODE_SIGN_IDENTITY = "Apple Development";
				CODE_SIGN_STYLE = Automatic;
				COMBINE_HIDPI_IMAGES = YES;
				DEVELOPMENT_ASSET_PATHS = "Shared/Preview\\ Content";
				DEVELOPMENT_TEAM = V2EPDFA9PV;
				ENABLE_HARDENED_RUNTIME = YES;
				ENABLE_PREVIEWS = YES;
				INFOPLIST_FILE = macOS/Info.plist;
				LD_RUNPATH_SEARCH_PATHS = (
					"$(inherited)",
					"@executable_path/../Frameworks",
				);
				MACOSX_DEPLOYMENT_TARGET = 11.0;
				OTHER_SWIFT_FLAGS = "-Xfrontend -warn-long-expression-type-checking=200";
				PRODUCT_BUNDLE_IDENTIFIER = "com.juliand665.Valorant-Viewer";
				PRODUCT_NAME = "Valorant Viewer";
				SDKROOT = macosx;
				SWIFT_VERSION = 5.0;
			};
			name = Debug;
		};
		B941B66325A5BC8A00F675C1 /* Release */ = {
			isa = XCBuildConfiguration;
			buildSettings = {
				ASSETCATALOG_COMPILER_APPICON_NAME = AppIcon;
				ASSETCATALOG_COMPILER_GLOBAL_ACCENT_COLOR_NAME = AccentColor;
				CODE_SIGN_ENTITLEMENTS = macOS/macOS.entitlements;
				CODE_SIGN_IDENTITY = "Apple Development";
				CODE_SIGN_STYLE = Automatic;
				COMBINE_HIDPI_IMAGES = YES;
				DEVELOPMENT_ASSET_PATHS = "Shared/Preview\\ Content";
				DEVELOPMENT_TEAM = V2EPDFA9PV;
				ENABLE_HARDENED_RUNTIME = YES;
				ENABLE_PREVIEWS = YES;
				INFOPLIST_FILE = macOS/Info.plist;
				LD_RUNPATH_SEARCH_PATHS = (
					"$(inherited)",
					"@executable_path/../Frameworks",
				);
				MACOSX_DEPLOYMENT_TARGET = 11.0;
				PRODUCT_BUNDLE_IDENTIFIER = "com.juliand665.Valorant-Viewer";
				PRODUCT_NAME = "Valorant Viewer";
				SDKROOT = macosx;
				SWIFT_VERSION = 5.0;
			};
			name = Release;
		};
		B9485F95264B639F00AC3456 /* Debug */ = {
			isa = XCBuildConfiguration;
			buildSettings = {
				BUNDLE_LOADER = "$(TEST_HOST)";
				CODE_SIGN_STYLE = Automatic;
				COMBINE_HIDPI_IMAGES = YES;
				DEVELOPMENT_TEAM = V2EPDFA9PV;
				INFOPLIST_FILE = "Valorant Viewer Tests/Info.plist";
				LD_RUNPATH_SEARCH_PATHS = (
					"$(inherited)",
					"@executable_path/../Frameworks",
					"@loader_path/../Frameworks",
				);
				MACOSX_DEPLOYMENT_TARGET = 11.3;
				PRODUCT_BUNDLE_IDENTIFIER = "juliand665.Valorant-Viewer-Tests";
				PRODUCT_NAME = "$(TARGET_NAME)";
				SDKROOT = macosx;
				SWIFT_VERSION = 5.0;
				TEST_HOST = "$(BUILT_PRODUCTS_DIR)/Valorant Viewer.app/Contents/MacOS/Valorant Viewer";
			};
			name = Debug;
		};
		B9485F96264B639F00AC3456 /* Release */ = {
			isa = XCBuildConfiguration;
			buildSettings = {
				BUNDLE_LOADER = "$(TEST_HOST)";
				CODE_SIGN_STYLE = Automatic;
				COMBINE_HIDPI_IMAGES = YES;
				DEVELOPMENT_TEAM = V2EPDFA9PV;
				INFOPLIST_FILE = "Valorant Viewer Tests/Info.plist";
				LD_RUNPATH_SEARCH_PATHS = (
					"$(inherited)",
					"@executable_path/../Frameworks",
					"@loader_path/../Frameworks",
				);
				MACOSX_DEPLOYMENT_TARGET = 11.3;
				PRODUCT_BUNDLE_IDENTIFIER = "juliand665.Valorant-Viewer-Tests";
				PRODUCT_NAME = "$(TARGET_NAME)";
				SDKROOT = macosx;
				SWIFT_VERSION = 5.0;
				TEST_HOST = "$(BUILT_PRODUCTS_DIR)/Valorant Viewer.app/Contents/MacOS/Valorant Viewer";
			};
			name = Release;
		};
/* End XCBuildConfiguration section */

/* Begin XCConfigurationList section */
		B941B64125A5BC8800F675C1 /* Build configuration list for PBXProject "Valorant Viewer" */ = {
			isa = XCConfigurationList;
			buildConfigurations = (
				B941B65C25A5BC8A00F675C1 /* Debug */,
				B941B65D25A5BC8A00F675C1 /* Release */,
			);
			defaultConfigurationIsVisible = 0;
			defaultConfigurationName = Release;
		};
		B941B65E25A5BC8A00F675C1 /* Build configuration list for PBXNativeTarget "Valorant Viewer (iOS)" */ = {
			isa = XCConfigurationList;
			buildConfigurations = (
				B941B65F25A5BC8A00F675C1 /* Debug */,
				B941B66025A5BC8A00F675C1 /* Release */,
			);
			defaultConfigurationIsVisible = 0;
			defaultConfigurationName = Release;
		};
		B941B66125A5BC8A00F675C1 /* Build configuration list for PBXNativeTarget "Valorant Viewer (macOS)" */ = {
			isa = XCConfigurationList;
			buildConfigurations = (
				B941B66225A5BC8A00F675C1 /* Debug */,
				B941B66325A5BC8A00F675C1 /* Release */,
			);
			defaultConfigurationIsVisible = 0;
			defaultConfigurationName = Release;
		};
		B9485F94264B639F00AC3456 /* Build configuration list for PBXNativeTarget "Valorant Viewer Tests" */ = {
			isa = XCConfigurationList;
			buildConfigurations = (
				B9485F95264B639F00AC3456 /* Debug */,
				B9485F96264B639F00AC3456 /* Release */,
			);
			defaultConfigurationIsVisible = 0;
			defaultConfigurationName = Release;
		};
/* End XCConfigurationList section */

/* Begin XCRemoteSwiftPackageReference section */
		B90BC2EC266D224F00C905D4 /* XCRemoteSwiftPackageReference "CGeometry" */ = {
			isa = XCRemoteSwiftPackageReference;
			repositoryURL = "git@github.com:juliand665/CGeometry.git";
			requirement = {
				kind = upToNextMajorVersion;
				minimumVersion = 0.3.0;
			};
		};
		B90BC2EF266D240000C905D4 /* XCRemoteSwiftPackageReference "HandyOperators" */ = {
			isa = XCRemoteSwiftPackageReference;
			repositoryURL = "git@github.com:juliand665/HandyOperators.git";
			requirement = {
				kind = upToNextMajorVersion;
				minimumVersion = 2.0.0;
			};
		};
		B941B69925A62FFB00F675C1 /* XCRemoteSwiftPackageReference "UserDefault" */ = {
			isa = XCRemoteSwiftPackageReference;
			repositoryURL = "git@github.com:juliand665/UserDefault.git";
			requirement = {
				kind = upToNextMajorVersion;
				minimumVersion = 1.0.2;
			};
		};
		B941B6CE25A79A6400F675C1 /* XCRemoteSwiftPackageReference "keychain-swift" */ = {
			isa = XCRemoteSwiftPackageReference;
			repositoryURL = "https://github.com/evgenyneu/keychain-swift.git";
			requirement = {
				kind = upToNextMajorVersion;
				minimumVersion = 19.0.0;
			};
		};
		B9485F97264B67EC00AC3456 /* XCRemoteSwiftPackageReference "CombineExpectations" */ = {
			isa = XCRemoteSwiftPackageReference;
			repositoryURL = "https://github.com/groue/CombineExpectations";
			requirement = {
				kind = upToNextMajorVersion;
				minimumVersion = 0.7.0;
			};
		};
		B9C97DCA263CB0D6001E4D1B /* XCRemoteSwiftPackageReference "ValorantAPI" */ = {
			isa = XCRemoteSwiftPackageReference;
			repositoryURL = "git@github.com:juliand665/ValorantAPI.git";
			requirement = {
				branch = main;
				kind = branch;
			};
		};
		B9CF2E6A25A81F57004A1458 /* XCRemoteSwiftPackageReference "SwifUI-Missing-Pieces" */ = {
			isa = XCRemoteSwiftPackageReference;
			repositoryURL = "git@github.com:juliand665/SwifUI-Missing-Pieces.git";
			requirement = {
				branch = main;
				kind = branch;
			};
		};
		B9EE6E732659D6DF007E28B5 /* XCRemoteSwiftPackageReference "swift-algorithms" */ = {
			isa = XCRemoteSwiftPackageReference;
			repositoryURL = "git@github.com:apple/swift-algorithms.git";
			requirement = {
				kind = upToNextMajorVersion;
				minimumVersion = 0.2.0;
			};
		};
		B9EF0F29263DEEA30067176A /* XCRemoteSwiftPackageReference "VisualEffects" */ = {
			isa = XCRemoteSwiftPackageReference;
			repositoryURL = "https://github.com/twostraws/VisualEffects";
			requirement = {
				kind = upToNextMajorVersion;
				minimumVersion = 1.0.3;
			};
		};
/* End XCRemoteSwiftPackageReference section */

/* Begin XCSwiftPackageProductDependency section */
		B90BC2ED266D224F00C905D4 /* CGeometry */ = {
			isa = XCSwiftPackageProductDependency;
			package = B90BC2EC266D224F00C905D4 /* XCRemoteSwiftPackageReference "CGeometry" */;
			productName = CGeometry;
		};
		B90BC2F0266D240000C905D4 /* HandyOperators */ = {
			isa = XCSwiftPackageProductDependency;
			package = B90BC2EF266D240000C905D4 /* XCRemoteSwiftPackageReference "HandyOperators" */;
			productName = HandyOperators;
		};
		B941B69A25A62FFB00F675C1 /* UserDefault */ = {
			isa = XCSwiftPackageProductDependency;
			package = B941B69925A62FFB00F675C1 /* XCRemoteSwiftPackageReference "UserDefault" */;
			productName = UserDefault;
		};
		B941B69E25A6300100F675C1 /* UserDefault */ = {
			isa = XCSwiftPackageProductDependency;
			package = B941B69925A62FFB00F675C1 /* XCRemoteSwiftPackageReference "UserDefault" */;
			productName = UserDefault;
		};
		B941B6CF25A79A6400F675C1 /* KeychainSwift */ = {
			isa = XCSwiftPackageProductDependency;
			package = B941B6CE25A79A6400F675C1 /* XCRemoteSwiftPackageReference "keychain-swift" */;
			productName = KeychainSwift;
		};
		B941B6D325A79A6A00F675C1 /* KeychainSwift */ = {
			isa = XCSwiftPackageProductDependency;
			package = B941B6CE25A79A6400F675C1 /* XCRemoteSwiftPackageReference "keychain-swift" */;
			productName = KeychainSwift;
		};
		B9485F98264B67EC00AC3456 /* CombineExpectations */ = {
			isa = XCSwiftPackageProductDependency;
			package = B9485F97264B67EC00AC3456 /* XCRemoteSwiftPackageReference "CombineExpectations" */;
			productName = CombineExpectations;
		};
		B9C97DCB263CB0D6001E4D1B /* ValorantAPI */ = {
			isa = XCSwiftPackageProductDependency;
			package = B9C97DCA263CB0D6001E4D1B /* XCRemoteSwiftPackageReference "ValorantAPI" */;
			productName = ValorantAPI;
		};
		B9C97DCD263CB0F8001E4D1B /* ValorantAPI */ = {
			isa = XCSwiftPackageProductDependency;
			package = B9C97DCA263CB0D6001E4D1B /* XCRemoteSwiftPackageReference "ValorantAPI" */;
			productName = ValorantAPI;
		};
		B9CF2E6B25A81F57004A1458 /* SwiftUIMissingPieces */ = {
			isa = XCSwiftPackageProductDependency;
			package = B9CF2E6A25A81F57004A1458 /* XCRemoteSwiftPackageReference "SwifUI-Missing-Pieces" */;
			productName = SwiftUIMissingPieces;
		};
		B9CF2E6F25A81F5D004A1458 /* SwiftUIMissingPieces */ = {
			isa = XCSwiftPackageProductDependency;
			package = B9CF2E6A25A81F57004A1458 /* XCRemoteSwiftPackageReference "SwifUI-Missing-Pieces" */;
			productName = SwiftUIMissingPieces;
		};
		B9EE6E742659D6DF007E28B5 /* Algorithms */ = {
			isa = XCSwiftPackageProductDependency;
			package = B9EE6E732659D6DF007E28B5 /* XCRemoteSwiftPackageReference "swift-algorithms" */;
			productName = Algorithms;
		};
		B9EE6E762659D6ED007E28B5 /* Algorithms */ = {
			isa = XCSwiftPackageProductDependency;
			package = B9EE6E732659D6DF007E28B5 /* XCRemoteSwiftPackageReference "swift-algorithms" */;
			productName = Algorithms;
		};
		B9EF0F2A263DEEA30067176A /* VisualEffects */ = {
			isa = XCSwiftPackageProductDependency;
			package = B9EF0F29263DEEA30067176A /* XCRemoteSwiftPackageReference "VisualEffects" */;
			productName = VisualEffects;
		};
		B9EF0F2C263DEEAA0067176A /* VisualEffects */ = {
			isa = XCSwiftPackageProductDependency;
			package = B9EF0F29263DEEA30067176A /* XCRemoteSwiftPackageReference "VisualEffects" */;
			productName = VisualEffects;
		};
/* End XCSwiftPackageProductDependency section */
	};
	rootObject = B941B63E25A5BC8800F675C1 /* Project object */;
}
